lockfileVersion: '9.0'

settings:
  autoInstallPeers: true
  excludeLinksFromLockfile: false

importers:

  .:
    devDependencies:
      '@napi-rs/canvas':
        specifier: ^0.1.65
        version: 0.1.69
      '@napi-rs/cli':
        specifier: ^2.18.4
        version: 2.18.4
      '@types/node':
        specifier: ^22.10.5
        version: 22.14.1
      typescript:
        specifier: ^5.7.2
        version: 5.8.3

packages:

  '@napi-rs/canvas-android-arm64@0.1.69':
    resolution: {integrity: sha512-4icWTByY8zPvM9SelfQKf3I6kwXw0aI5drBOVrwfER5kjwXJd78FPSDSZkxDHjvIo9Q86ljl18Yr963ehA4sHQ==}
    engines: {node: '>= 10'}
    cpu: [arm64]
    os: [android]

  '@napi-rs/canvas-darwin-arm64@0.1.69':
    resolution: {integrity: sha512-HOanhhYlHdukA+unjelT4Dg3ta7e820x87/AG2dKUMsUzH19jaeZs9bcYjzEy2vYi/dFWKz7cSv2yaIOudB8Yg==}
    engines: {node: '>= 10'}
    cpu: [arm64]
    os: [darwin]

  '@napi-rs/canvas-darwin-x64@0.1.69':
    resolution: {integrity: sha512-SIp7WfhxAPnSVK9bkFfJp+84rbATCIq9jMUzDwpCLhQ+v+OqtXe4pggX1oeV+62/HK6BT1t18qRmJfyqwJ9f3g==}
    engines: {node: '>= 10'}
    cpu: [x64]
    os: [darwin]

  '@napi-rs/canvas-linux-arm-gnueabihf@0.1.69':
    resolution: {integrity: sha512-Ls+KujCp6TGpkuMVFvrlx+CxtL+casdkrprFjqIuOAnB30Mct6bCEr+I83Tu29s3nNq4EzIGjdmA3fFAZG/Dtw==}
    engines: {node: '>= 10'}
    cpu: [arm]
    os: [linux]

  '@napi-rs/canvas-linux-arm64-gnu@0.1.69':
    resolution: {integrity: sha512-m8VcGmeSBNRbHZBd1srvdM1aq/ScS2y8KqGqmCCEgJlytYK4jdULzAo2K/BPKE1v3xvn8oUPZDLI/NBJbJkEoA==}
    engines: {node: '>= 10'}
    cpu: [arm64]
    os: [linux]

  '@napi-rs/canvas-linux-arm64-musl@0.1.69':
    resolution: {integrity: sha512-a3xjNRIeK2m2ZORGv2moBvv3vbkaFZG1QKMeiEv/BKij+rkztuEhTJGMar+buICFgS0fLgphXXsKNkUSJb7eRQ==}
    engines: {node: '>= 10'}
    cpu: [arm64]
    os: [linux]

  '@napi-rs/canvas-linux-riscv64-gnu@0.1.69':
    resolution: {integrity: sha512-pClUoJF5wdC9AvD0mc15G9JffL1Q85nuH1rLSQPRkGmGmQOtRjw5E9xNbanz7oFUiPbjH7xcAXUjVAcf7tdgPQ==}
    engines: {node: '>= 10'}
    cpu: [riscv64]
    os: [linux]

  '@napi-rs/canvas-linux-x64-gnu@0.1.69':
    resolution: {integrity: sha512-96X3bFAmzemfw84Ts6Jg/omL86uuynvK06MWGR/mp3JYNumY9RXofA14eF/kJIYelbYFWXcwpbcBR71lJ6G/YQ==}
    engines: {node: '>= 10'}
    cpu: [x64]
    os: [linux]

  '@napi-rs/canvas-linux-x64-musl@0.1.69':
    resolution: {integrity: sha512-2QTsEFO72Kwkj53W9hc5y1FAUvdGx0V+pjJB+9oQF6Ys9+y989GyPIl5wZDzeh8nIJW6koZZ1eFa8pD+pA5BFQ==}
    engines: {node: '>= 10'}
    cpu: [x64]
    os: [linux]

  '@napi-rs/canvas-win32-x64-msvc@0.1.69':
    resolution: {integrity: sha512-Q4YA8kVnKarApBVLu7F8icGlIfSll5Glswo5hY6gPS4Is2dCI8+ig9OeDM8RlwYevUIxKq8lZBypN8Q1iLAQ7w==}
    engines: {node: '>= 10'}
    cpu: [x64]
    os: [win32]

  '@napi-rs/canvas@0.1.69':
    resolution: {integrity: sha512-ydvNeJMRm+l3T14yCoUKqjYQiEdXDq1isznI93LEBGYssXKfSaLNLHOkeM4z9Fnw9Pkt2EKOCAtW9cS4b00Zcg==}
    engines: {node: '>= 10'}

  '@napi-rs/cli@2.18.4':
    resolution: {integrity: sha512-SgJeA4df9DE2iAEpr3M2H0OKl/yjtg1BnRI5/JyowS71tUWhrfSu2LT0V3vlHET+g1hBVlrO60PmEXwUEKp8Mg==}
    engines: {node: '>= 10'}
    hasBin: true

  '@types/node@22.14.1':
    resolution: {integrity: sha512-u0HuPQwe/dHrItgHHpmw3N2fYCR6x4ivMNbPHRkBVP4CvN+kiRrKHWk3i8tXiO/joPwXLMYvF9TTF0eqgHIuOw==}

  typescript@5.8.3:
    resolution: {integrity: sha512-p1diW6TqL9L07nNxvRMM7hMMw4c5XOo/1ibL4aAIGmSAt9slTE1Xgw5KWuof2uTOvCg9BY7ZRi+GaF+7sfgPeQ==}
    engines: {node: '>=14.17'}
    hasBin: true

  undici-types@6.21.0:
    resolution: {integrity: sha512-iwDZqg0QAGrg9Rav5H4n0M64c3mkR59cJ6wQp+7C4nI0gsmExaedaYLNO44eT4AtBBwjbTiGPMlt2Md0T9H9JQ==}

snapshots:

  '@napi-rs/canvas-android-arm64@0.1.69':
    optional: true

  '@napi-rs/canvas-darwin-arm64@0.1.69':
    optional: true

  '@napi-rs/canvas-darwin-x64@0.1.69':
    optional: true

  '@napi-rs/canvas-linux-arm-gnueabihf@0.1.69':
    optional: true

  '@napi-rs/canvas-linux-arm64-gnu@0.1.69':
    optional: true

  '@napi-rs/canvas-linux-arm64-musl@0.1.69':
    optional: true

  '@napi-rs/canvas-linux-riscv64-gnu@0.1.69':
    optional: true

  '@napi-rs/canvas-linux-x64-gnu@0.1.69':
    optional: true

  '@napi-rs/canvas-linux-x64-musl@0.1.69':
    optional: true

  '@napi-rs/canvas-win32-x64-msvc@0.1.69':
    optional: true

  '@napi-rs/canvas@0.1.69':
    optionalDependencies:
      '@napi-rs/canvas-android-arm64': 0.1.69
      '@napi-rs/canvas-darwin-arm64': 0.1.69
      '@napi-rs/canvas-darwin-x64': 0.1.69
      '@napi-rs/canvas-linux-arm-gnueabihf': 0.1.69
      '@napi-rs/canvas-linux-arm64-gnu': 0.1.69
      '@napi-rs/canvas-linux-arm64-musl': 0.1.69
      '@napi-rs/canvas-linux-riscv64-gnu': 0.1.69
      '@napi-rs/canvas-linux-x64-gnu': 0.1.69
      '@napi-rs/canvas-linux-x64-musl': 0.1.69
      '@napi-rs/canvas-win32-x64-msvc': 0.1.69

  '@napi-rs/cli@2.18.4': {}

  '@types/node@22.14.1':
    dependencies:
      undici-types: 6.21.0

  typescript@5.8.3: {}

  undici-types@6.21.0: {}
