lockfileVersion: '9.0'

settings:
  autoInstallPeers: true
  excludeLinksFromLockfile: false

importers:

  .:
    dependencies:
      '@gomander/napi-gif-encoder':
        specifier: ^0.0.8
        version: 0.0.8
      '@napi-rs/canvas':
        specifier: ^0.1.69
        version: 0.1.69

packages:

  '@gomander/napi-gif-encoder-android-arm-eabi@0.0.8':
    resolution: {integrity: sha512-+fZKT+R7s/BoIeAfruSWZWkKD8UTztuNZ9UWG/Py+d5z8AUOah56YXtrWQ4SfwHwV0P/f0WtkT0cWc5YTTFNRQ==}
    engines: {node: '>= 18'}
    cpu: [arm]
    os: [android]

  '@gomander/napi-gif-encoder-android-arm64@0.0.8':
    resolution: {integrity: sha512-FcsJBlLqLMXBsXvGYkV6mY5bo9e+B4J9zOe/T05MsCfW0KEwDqtdZaYUlTIIOmIYFNJKrivPJbMur+5kr8SpLg==}
    engines: {node: '>= 18'}
    cpu: [arm64]
    os: [android]

  '@gomander/napi-gif-encoder-linux-arm-gnueabihf@0.0.8':
    resolution: {integrity: sha512-nyg8OOsP/jDM7uNvdcxuPKrgzis9TBqZfSwQMHfYhKMrDTEAGKjoyRC6s5XKi2+jqMzsyS+yIapwYEtsDod1oA==}
    engines: {node: '>= 18'}
    cpu: [arm]
    os: [linux]

  '@gomander/napi-gif-encoder-linux-arm64-gnu@0.0.8':
    resolution: {integrity: sha512-RCiruibvwd/4sEgd5t3cVkaQUXkOgqDs8WhRG6XzN93WmKiXxqX/DDThZMFvhflT+1CllF7yZOZSzdbnP8v7pg==}
    engines: {node: '>= 18'}
    cpu: [arm64]
    os: [linux]

  '@gomander/napi-gif-encoder-linux-arm64-musl@0.0.8':
    resolution: {integrity: sha512-4DYU+QjH+N1yWHbvaKlmVDd8de4DIoYMXz7L6tIsgSwBknhbRnP/D9/d9ZZhWgzuit0+tbaqcygd+iEkfpcu9A==}
    engines: {node: '>= 18'}
    cpu: [arm64]
    os: [linux]

  '@gomander/napi-gif-encoder-linux-x64-gnu@0.0.8':
    resolution: {integrity: sha512-ypMnCjyrT1thBLtn5RGUcoO3yLALN0HFO+e3HD+XPl63StJH00RNRYO78J8bteNpyMFBT/lCgyJAau0/4tuUHA==}
    engines: {node: '>= 18'}
    cpu: [x64]
    os: [linux]

  '@gomander/napi-gif-encoder-linux-x64-musl@0.0.8':
    resolution: {integrity: sha512-nu19Jny3+JOAMalyIf05pF/V26Xe8KUD7Xev49C7xLNYZ6+JOsowPsyWR2J/FEybUj7VXghxWue7NYDiO9O+2w==}
    engines: {node: '>= 18'}
    cpu: [x64]
    os: [linux]

  '@gomander/napi-gif-encoder-win32-arm64-msvc@0.0.8':
    resolution: {integrity: sha512-C/F0c3Ygfbb0qyPhewgyzW+RM+cfYxdnhX+4GDAt0In5rhrPv8SnFTmk7YbenOdpPH3yKlkfZHUzYVU9BNccpQ==}
    engines: {node: '>= 18'}
    cpu: [arm64]
    os: [win32]

  '@gomander/napi-gif-encoder-win32-ia32-msvc@0.0.8':
    resolution: {integrity: sha512-Pnc0DoVeaX0RaDaiV3bNTsblnfneSgynXGQ9wOhSjGl8rtffAv/3Y9ll+RwUkNOpTKP+52pROI8YJHxvhyHqQg==}
    engines: {node: '>= 18'}
    cpu: [ia32]
    os: [win32]

  '@gomander/napi-gif-encoder-win32-x64-msvc@0.0.8':
    resolution: {integrity: sha512-9m0iL2xc2pL6yi1eUnAw0Ic9QzO6jB+dd20SAgQU7Y5VPprJiVfM7gNtfkCtDZn8xTVJX2u7rgpXEr0bg81i+w==}
    engines: {node: '>= 18'}
    cpu: [x64]
    os: [win32]

  '@gomander/napi-gif-encoder@0.0.8':
    resolution: {integrity: sha512-D2l4a5/HUMsUnSmDSxMcx6M2YNz1JkFKYCOYz3QQ8Y8m7mUa5vTsdg9XUMSRQpbKUF+qVYfd/vY7kMLbcbc3qA==}
    engines: {node: '>= 18'}

  '@napi-rs/canvas-android-arm64@0.1.69':
    resolution: {integrity: sha512-4icWTByY8zPvM9SelfQKf3I6kwXw0aI5drBOVrwfER5kjwXJd78FPSDSZkxDHjvIo9Q86ljl18Yr963ehA4sHQ==}
    engines: {node: '>= 10'}
    cpu: [arm64]
    os: [android]

  '@napi-rs/canvas-darwin-arm64@0.1.69':
    resolution: {integrity: sha512-HOanhhYlHdukA+unjelT4Dg3ta7e820x87/AG2dKUMsUzH19jaeZs9bcYjzEy2vYi/dFWKz7cSv2yaIOudB8Yg==}
    engines: {node: '>= 10'}
    cpu: [arm64]
    os: [darwin]

  '@napi-rs/canvas-darwin-x64@0.1.69':
    resolution: {integrity: sha512-SIp7WfhxAPnSVK9bkFfJp+84rbATCIq9jMUzDwpCLhQ+v+OqtXe4pggX1oeV+62/HK6BT1t18qRmJfyqwJ9f3g==}
    engines: {node: '>= 10'}
    cpu: [x64]
    os: [darwin]

  '@napi-rs/canvas-linux-arm-gnueabihf@0.1.69':
    resolution: {integrity: sha512-Ls+KujCp6TGpkuMVFvrlx+CxtL+casdkrprFjqIuOAnB30Mct6bCEr+I83Tu29s3nNq4EzIGjdmA3fFAZG/Dtw==}
    engines: {node: '>= 10'}
    cpu: [arm]
    os: [linux]

  '@napi-rs/canvas-linux-arm64-gnu@0.1.69':
    resolution: {integrity: sha512-m8VcGmeSBNRbHZBd1srvdM1aq/ScS2y8KqGqmCCEgJlytYK4jdULzAo2K/BPKE1v3xvn8oUPZDLI/NBJbJkEoA==}
    engines: {node: '>= 10'}
    cpu: [arm64]
    os: [linux]

  '@napi-rs/canvas-linux-arm64-musl@0.1.69':
    resolution: {integrity: sha512-a3xjNRIeK2m2ZORGv2moBvv3vbkaFZG1QKMeiEv/BKij+rkztuEhTJGMar+buICFgS0fLgphXXsKNkUSJb7eRQ==}
    engines: {node: '>= 10'}
    cpu: [arm64]
    os: [linux]

  '@napi-rs/canvas-linux-riscv64-gnu@0.1.69':
    resolution: {integrity: sha512-pClUoJF5wdC9AvD0mc15G9JffL1Q85nuH1rLSQPRkGmGmQOtRjw5E9xNbanz7oFUiPbjH7xcAXUjVAcf7tdgPQ==}
    engines: {node: '>= 10'}
    cpu: [riscv64]
    os: [linux]

  '@napi-rs/canvas-linux-x64-gnu@0.1.69':
    resolution: {integrity: sha512-96X3bFAmzemfw84Ts6Jg/omL86uuynvK06MWGR/mp3JYNumY9RXofA14eF/kJIYelbYFWXcwpbcBR71lJ6G/YQ==}
    engines: {node: '>= 10'}
    cpu: [x64]
    os: [linux]

  '@napi-rs/canvas-linux-x64-musl@0.1.69':
    resolution: {integrity: sha512-2QTsEFO72Kwkj53W9hc5y1FAUvdGx0V+pjJB+9oQF6Ys9+y989GyPIl5wZDzeh8nIJW6koZZ1eFa8pD+pA5BFQ==}
    engines: {node: '>= 10'}
    cpu: [x64]
    os: [linux]

  '@napi-rs/canvas-win32-x64-msvc@0.1.69':
    resolution: {integrity: sha512-Q4YA8kVnKarApBVLu7F8icGlIfSll5Glswo5hY6gPS4Is2dCI8+ig9OeDM8RlwYevUIxKq8lZBypN8Q1iLAQ7w==}
    engines: {node: '>= 10'}
    cpu: [x64]
    os: [win32]

  '@napi-rs/canvas@0.1.69':
    resolution: {integrity: sha512-ydvNeJMRm+l3T14yCoUKqjYQiEdXDq1isznI93LEBGYssXKfSaLNLHOkeM4z9Fnw9Pkt2EKOCAtW9cS4b00Zcg==}
    engines: {node: '>= 10'}

  '@napi-rs/triples@1.2.0':
    resolution: {integrity: sha512-HAPjR3bnCsdXBsATpDIP5WCrw0JcACwhhrwIAQhiR46n+jm+a2F8kBsfseAuWtSyQ+H3Yebt2k43B5dy+04yMA==}

  '@node-rs/helper@1.6.0':
    resolution: {integrity: sha512-2OTh/tokcLA1qom1zuCJm2gQzaZljCCbtX1YCrwRVd/toz7KxaDRFeLTAPwhs8m9hWgzrBn5rShRm6IaZofCPw==}

snapshots:

  '@gomander/napi-gif-encoder-android-arm-eabi@0.0.8':
    optional: true

  '@gomander/napi-gif-encoder-android-arm64@0.0.8':
    optional: true

  '@gomander/napi-gif-encoder-linux-arm-gnueabihf@0.0.8':
    optional: true

  '@gomander/napi-gif-encoder-linux-arm64-gnu@0.0.8':
    optional: true

  '@gomander/napi-gif-encoder-linux-arm64-musl@0.0.8':
    optional: true

  '@gomander/napi-gif-encoder-linux-x64-gnu@0.0.8':
    optional: true

  '@gomander/napi-gif-encoder-linux-x64-musl@0.0.8':
    optional: true

  '@gomander/napi-gif-encoder-win32-arm64-msvc@0.0.8':
    optional: true

  '@gomander/napi-gif-encoder-win32-ia32-msvc@0.0.8':
    optional: true

  '@gomander/napi-gif-encoder-win32-x64-msvc@0.0.8':
    optional: true

  '@gomander/napi-gif-encoder@0.0.8':
    dependencies:
      '@node-rs/helper': 1.6.0
    optionalDependencies:
      '@gomander/napi-gif-encoder-android-arm-eabi': 0.0.8
      '@gomander/napi-gif-encoder-android-arm64': 0.0.8
      '@gomander/napi-gif-encoder-linux-arm-gnueabihf': 0.0.8
      '@gomander/napi-gif-encoder-linux-arm64-gnu': 0.0.8
      '@gomander/napi-gif-encoder-linux-arm64-musl': 0.0.8
      '@gomander/napi-gif-encoder-linux-x64-gnu': 0.0.8
      '@gomander/napi-gif-encoder-linux-x64-musl': 0.0.8
      '@gomander/napi-gif-encoder-win32-arm64-msvc': 0.0.8
      '@gomander/napi-gif-encoder-win32-ia32-msvc': 0.0.8
      '@gomander/napi-gif-encoder-win32-x64-msvc': 0.0.8

  '@napi-rs/canvas-android-arm64@0.1.69':
    optional: true

  '@napi-rs/canvas-darwin-arm64@0.1.69':
    optional: true

  '@napi-rs/canvas-darwin-x64@0.1.69':
    optional: true

  '@napi-rs/canvas-linux-arm-gnueabihf@0.1.69':
    optional: true

  '@napi-rs/canvas-linux-arm64-gnu@0.1.69':
    optional: true

  '@napi-rs/canvas-linux-arm64-musl@0.1.69':
    optional: true

  '@napi-rs/canvas-linux-riscv64-gnu@0.1.69':
    optional: true

  '@napi-rs/canvas-linux-x64-gnu@0.1.69':
    optional: true

  '@napi-rs/canvas-linux-x64-musl@0.1.69':
    optional: true

  '@napi-rs/canvas-win32-x64-msvc@0.1.69':
    optional: true

  '@napi-rs/canvas@0.1.69':
    optionalDependencies:
      '@napi-rs/canvas-android-arm64': 0.1.69
      '@napi-rs/canvas-darwin-arm64': 0.1.69
      '@napi-rs/canvas-darwin-x64': 0.1.69
      '@napi-rs/canvas-linux-arm-gnueabihf': 0.1.69
      '@napi-rs/canvas-linux-arm64-gnu': 0.1.69
      '@napi-rs/canvas-linux-arm64-musl': 0.1.69
      '@napi-rs/canvas-linux-riscv64-gnu': 0.1.69
      '@napi-rs/canvas-linux-x64-gnu': 0.1.69
      '@napi-rs/canvas-linux-x64-musl': 0.1.69
      '@napi-rs/canvas-win32-x64-msvc': 0.1.69

  '@napi-rs/triples@1.2.0': {}

  '@node-rs/helper@1.6.0':
    dependencies:
      '@napi-rs/triples': 1.2.0
